
Microsoft Visual Studio Solution File, Format Version 12.00
# Visual Studio 15
Project("{FAE04EC0-301F-11D3-BF4B-00C04F79EFBC}") = "Assembly-CSharp", "Assembly-CSharp.csproj", "{A71440F7-E3F5-166F-4B66-8CA3B8F7C683}"
EndProject
Project("{FAE04EC0-301F-11D3-BF4B-00C04F79EFBC}") = "Assembly-CSharp-Editor", "Assembly-CSharp-Editor.csproj", "{6B9B898D-E8F4-7775-850F-193CF74CBE10}"
EndProject
Global
	GlobalSection(SolutionConfigurationPlatforms) = preSolution
		Debug|Any CPU = Debug|Any CPU
		Release|Any CPU = Release|Any CPU
	EndGlobalSection
	GlobalSection(ProjectConfigurationPlatforms) = postSolution
		{A71440F7-E3F5-166F-4B66-8CA3B8F7C683}.Debug|Any CPU.ActiveCfg = Debug|Any CPU
		{A71440F7-E3F5-166F-4B66-8CA3B8F7C683}.Debug|Any CPU.Build.0 = Debug|Any CPU
		{A71440F7-E3F5-166F-4B66-8CA3B8F7C683}.Release|Any CPU.ActiveCfg = Release|Any CPU
		{A71440F7-E3F5-166F-4B66-8CA3B8F7C683}.Release|Any CPU.Build.0 = Release|Any CPU
		{6B9B898D-E8F4-7775-850F-193CF74CBE10}.Debug|Any CPU.ActiveCfg = Debug|Any CPU
		{6B9B898D-E8F4-7775-850F-193CF74CBE10}.Debug|Any CPU.Build.0 = Debug|Any CPU
		{6B9B898D-E8F4-7775-850F-193CF74CBE10}.Release|Any CPU.ActiveCfg = Release|Any CPU
		{6B9B898D-E8F4-7775-850F-193CF74CBE10}.Release|Any CPU.Build.0 = Release|Any CPU
	EndGlobalSection
	GlobalSection(SolutionProperties) = preSolution
		HideSolutionNode = FALSE
	EndGlobalSection
EndGlobal
