
Microsoft Visual Studio Solution File, Format Version 12.00
# Visual Studio 15
Project("{FAE04EC0-301F-11D3-BF4B-00C04F79EFBC}") = "Assembly-CSharp", "Assembly-CSharp.csproj", "{314E4EC2-550E-F720-4E7D-E113E9C0F5CA}"
EndProject
Project("{FAE04EC0-301F-11D3-BF4B-00C04F79EFBC}") = "Assembly-CSharp-Editor", "Assembly-CSharp-Editor.csproj", "{73768B24-96C0-9109-E242-F07A3B7BFE8B}"
EndProject
Global
	GlobalSection(SolutionConfigurationPlatforms) = preSolution
		Debug|Any CPU = Debug|Any CPU
		Release|Any CPU = Release|Any CPU
	EndGlobalSection
	GlobalSection(ProjectConfigurationPlatforms) = postSolution
		{314E4EC2-550E-F720-4E7D-E113E9C0F5CA}.Debug|Any CPU.ActiveCfg = Debug|Any CPU
		{314E4EC2-550E-F720-4E7D-E113E9C0F5CA}.Debug|Any CPU.Build.0 = Debug|Any CPU
		{314E4EC2-550E-F720-4E7D-E113E9C0F5CA}.Release|Any CPU.ActiveCfg = Release|Any CPU
		{314E4EC2-550E-F720-4E7D-E113E9C0F5CA}.Release|Any CPU.Build.0 = Release|Any CPU
		{73768B24-96C0-9109-E242-F07A3B7BFE8B}.Debug|Any CPU.ActiveCfg = Debug|Any CPU
		{73768B24-96C0-9109-E242-F07A3B7BFE8B}.Debug|Any CPU.Build.0 = Debug|Any CPU
		{73768B24-96C0-9109-E242-F07A3B7BFE8B}.Release|Any CPU.ActiveCfg = Release|Any CPU
		{73768B24-96C0-9109-E242-F07A3B7BFE8B}.Release|Any CPU.Build.0 = Release|Any CPU
	EndGlobalSection
	GlobalSection(SolutionProperties) = preSolution
		HideSolutionNode = FALSE
	EndGlobalSection
EndGlobal
